
Microsoft Visual Studio Solution File, Format Version 12.00
# Visual Studio 15
VisualStudioVersion = 15.0.28307.168
MinimumVisualStudioVersion = 10.0.40219.1
Project("{FAE04EC0-301F-11D3-BF4B-00C04F79EFBC}") = "BooksReader", "BooksReader\BooksReader.csproj", "{676C0605-635B-4BB5-82CC-7469F0CBEFC4}"
EndProject
Global
	GlobalSection(SolutionConfigurationPlatforms) = preSolution
		Debug|Any CPU = Debug|Any CPU
		Release|Any CPU = Release|Any CPU
	EndGlobalSection
	GlobalSection(ProjectConfigurationPlatforms) = postSolution
		{676C0605-635B-4BB5-82CC-7469F0CBEFC4}.Debug|Any CPU.ActiveCfg = Debug|Any CPU
		{676C0605-635B-4BB5-82CC-7469F0CBEFC4}.Debug|Any CPU.Build.0 = Debug|Any CPU
		{676C0605-635B-4BB5-82CC-7469F0CBEFC4}.Release|Any CPU.ActiveCfg = Release|Any CPU
		{676C0605-635B-4BB5-82CC-7469F0CBEFC4}.Release|Any CPU.Build.0 = Release|Any CPU
	EndGlobalSection
	GlobalSection(SolutionProperties) = preSolution
		HideSolutionNode = FALSE
	EndGlobalSection
	GlobalSection(ExtensibilityGlobals) = postSolution
		SolutionGuid = {70867093-87D2-4495-A704-07DA9C527CAC}
	EndGlobalSection
EndGlobal
