
Microsoft Visual Studio Solution File, Format Version 12.00
# Visual Studio Version 16
VisualStudioVersion = 16.0.29326.143
MinimumVisualStudioVersion = 10.0.40219.1
Project("{2150E333-8FDC-42A3-9474-1A3956D46DE8}") = "src", "src", "{B6AD617B-D8F3-443A-BFF9-1D914A2470B3}"
EndProject
Project("{FAE04EC0-301F-11D3-BF4B-00C04F79EFBC}") = "BooksReader.Web", "src\BooksReader.Web\BooksReader.Web.csproj", "{3DEAC2C3-73B9-4A1A-BF84-804BF728D0C2}"
EndProject
Global
	GlobalSection(SolutionConfigurationPlatforms) = preSolution
		Debug|Any CPU = Debug|Any CPU
		Release|Any CPU = Release|Any CPU
	EndGlobalSection
	GlobalSection(ProjectConfigurationPlatforms) = postSolution
		{3DEAC2C3-73B9-4A1A-BF84-804BF728D0C2}.Debug|Any CPU.ActiveCfg = Debug|Any CPU
		{3DEAC2C3-73B9-4A1A-BF84-804BF728D0C2}.Debug|Any CPU.Build.0 = Debug|Any CPU
		{3DEAC2C3-73B9-4A1A-BF84-804BF728D0C2}.Release|Any CPU.ActiveCfg = Release|Any CPU
		{3DEAC2C3-73B9-4A1A-BF84-804BF728D0C2}.Release|Any CPU.Build.0 = Release|Any CPU
	EndGlobalSection
	GlobalSection(SolutionProperties) = preSolution
		HideSolutionNode = FALSE
	EndGlobalSection
	GlobalSection(NestedProjects) = preSolution
		{3DEAC2C3-73B9-4A1A-BF84-804BF728D0C2} = {B6AD617B-D8F3-443A-BFF9-1D914A2470B3}
	EndGlobalSection
	GlobalSection(ExtensibilityGlobals) = postSolution
		SolutionGuid = {B843354A-F3CF-423D-967A-8292E4BC724A}
	EndGlobalSection
EndGlobal
